
Microsoft Visual Studio Solution File, Format Version 12.00
# Visual Studio 15
VisualStudioVersion = 15.0.26430.6
MinimumVisualStudioVersion = 10.0.40219.1
Project("{D954291E-2A0B-460D-934E-DC6B0785DB48}") = "TestPile", "TestPile\TestPile.shproj", "{69D6D12D-FCB4-4A55-8B80-DEEBAF76A40D}"
EndProject
Global
	GlobalSection(SharedMSBuildProjectFiles) = preSolution
		TestPile\TestPile.projitems*{69d6d12d-fcb4-4a55-8b80-deebaf76a40d}*SharedItemsImports = 13
	EndGlobalSection
	GlobalSection(SolutionProperties) = preSolution
		HideSolutionNode = FALSE
	EndGlobalSection
EndGlobal
